
Microsoft Visual Studio Solution File, Format Version 12.00
# Visual Studio 14
VisualStudioVersion = 14.0.25420.1
MinimumVisualStudioVersion = 10.0.40219.1
Project("{FAE04EC0-301F-11D3-BF4B-00C04F79EFBC}") = "PhotonServer", "PhotonServer\PhotonServer.csproj", "{A2B9AA13-0C73-4EC3-A5B3-1D73DDB41F99}"
EndProject
Global
	GlobalSection(SolutionConfigurationPlatforms) = preSolution
		Debug|Any CPU = Debug|Any CPU
		Release|Any CPU = Release|Any CPU
	EndGlobalSection
	GlobalSection(ProjectConfigurationPlatforms) = postSolution
		{A2B9AA13-0C73-4EC3-A5B3-1D73DDB41F99}.Debug|Any CPU.ActiveCfg = Debug|Any CPU
		{A2B9AA13-0C73-4EC3-A5B3-1D73DDB41F99}.Debug|Any CPU.Build.0 = Debug|Any CPU
		{A2B9AA13-0C73-4EC3-A5B3-1D73DDB41F99}.Release|Any CPU.ActiveCfg = Release|Any CPU
		{A2B9AA13-0C73-4EC3-A5B3-1D73DDB41F99}.Release|Any CPU.Build.0 = Release|Any CPU
	EndGlobalSection
	GlobalSection(SolutionProperties) = preSolution
		HideSolutionNode = FALSE
	EndGlobalSection
EndGlobal
